
Microsoft Visual Studio Solution File, Format Version 9.00
# Visual Studio 2005
Project("{8BC9CEB8-8B4A-11D0-8D11-00A0C91BC942}") = "PacServer", "PacServer\PacServer.vcproj", "{B49C7A90-4322-4529-978B-F3E2328E5827}"
EndProject
Project("{54435603-DBB4-11D2-8724-00A0C9A8B90C}") = "SetuPacServer", "SetuPacServer\SetuPacServer.vdproj", "{85EFC1FC-2F03-491F-BF4F-5D17157CAE95}"
EndProject
Global
	GlobalSection(SolutionConfigurationPlatforms) = preSolution
		Debug|Win32 = Debug|Win32
		Release|Win32 = Release|Win32
	EndGlobalSection
	GlobalSection(ProjectConfigurationPlatforms) = postSolution
		{B49C7A90-4322-4529-978B-F3E2328E5827}.Debug|Win32.ActiveCfg = Debug|Win32
		{B49C7A90-4322-4529-978B-F3E2328E5827}.Debug|Win32.Build.0 = Debug|Win32
		{B49C7A90-4322-4529-978B-F3E2328E5827}.Release|Win32.ActiveCfg = Release|Win32
		{B49C7A90-4322-4529-978B-F3E2328E5827}.Release|Win32.Build.0 = Release|Win32
		{85EFC1FC-2F03-491F-BF4F-5D17157CAE95}.Debug|Win32.ActiveCfg = Debug
		{85EFC1FC-2F03-491F-BF4F-5D17157CAE95}.Release|Win32.ActiveCfg = Release
	EndGlobalSection
	GlobalSection(SolutionProperties) = preSolution
		HideSolutionNode = FALSE
	EndGlobalSection
EndGlobal
